
Microsoft Visual Studio Solution File, Format Version 12.00
# Visual Studio Version 17
VisualStudioVersion = 17.10.35122.118
MinimumVisualStudioVersion = 10.0.40219.1
Project("{FAE04EC0-301F-11D3-BF4B-00C04F79EFBC}") = "SignalManager", "SignalManager\SignalManager.csproj", "{5FD16C08-30BA-42D5-BC2A-C213C8D2E47B}"
EndProject
Global
	GlobalSection(SolutionConfigurationPlatforms) = preSolution
		Debug|Any CPU = Debug|Any CPU
		Release|Any CPU = Release|Any CPU
	EndGlobalSection
	GlobalSection(ProjectConfigurationPlatforms) = postSolution
		{5FD16C08-30BA-42D5-BC2A-C213C8D2E47B}.Debug|Any CPU.ActiveCfg = Debug|Any CPU
		{5FD16C08-30BA-42D5-BC2A-C213C8D2E47B}.Debug|Any CPU.Build.0 = Debug|Any CPU
		{5FD16C08-30BA-42D5-BC2A-C213C8D2E47B}.Release|Any CPU.ActiveCfg = Release|Any CPU
		{5FD16C08-30BA-42D5-BC2A-C213C8D2E47B}.Release|Any CPU.Build.0 = Release|Any CPU
	EndGlobalSection
	GlobalSection(SolutionProperties) = preSolution
		HideSolutionNode = FALSE
	EndGlobalSection
	GlobalSection(ExtensibilityGlobals) = postSolution
		SolutionGuid = {468DBCF2-173D-402F-8152-A23D93E4E2DF}
	EndGlobalSection
EndGlobal
